// !$*UTF8*$!
{
	archiveVersion = 1;
	classes = {
	};
	objectVersion = 77;
	objects = {

/* Begin PBXBuildFile section */
		769A691B2E394BB5008DD725 /* Lesson Page.swift in Sources */ = {isa = PBXBuildFile; fileRef = 769A691A2E394BB5008DD725 /* Lesson Page.swift */; };
/* End PBXBuildFile section */

/* Begin PBXContainerItemProxy section */
		769A685A2E38211F008DD725 /* PBXContainerItemProxy */ = {
			isa = PBXContainerItemProxy;
			containerPortal = 769A68442E38211B008DD725 /* Project object */;
			proxyType = 1;
			remoteGlobalIDString = 769A684B2E38211B008DD725;
			remoteInfo = OSA_Academy;
		};
		769A68642E38211F008DD725 /* PBXContainerItemProxy */ = {
			isa = PBXContainerItemProxy;
			containerPortal = 769A68442E38211B008DD725 /* Project object */;
			proxyType = 1;
			remoteGlobalIDString = 769A684B2E38211B008DD725;
			remoteInfo = OSA_Academy;
		};
/* End PBXContainerItemProxy section */

/* Begin PBXFileReference section */
		769A684C2E38211B008DD725 /* OSA_Academy.app */ = {isa = PBXFileReference; explicitFileType = wrapper.application; includeInIndex = 0; path = OSA_Academy.app; sourceTree = BUILT_PRODUCTS_DIR; };
		769A68592E38211F008DD725 /* OSA_AcademyTests.xctest */ = {isa = PBXFileReference; explicitFileType = wrapper.cfbundle; includeInIndex = 0; path = OSA_AcademyTests.xctest; sourceTree = BUILT_PRODUCTS_DIR; };
		769A68632E38211F008DD725 /* OSA_AcademyUITests.xctest */ = {isa = PBXFileReference; explicitFileType = wrapper.cfbundle; includeInIndex = 0; path = OSA_AcademyUITests.xctest; sourceTree = BUILT_PRODUCTS_DIR; };
		769A691A2E394BB5008DD725 /* Lesson Page.swift */ = {isa = PBXFileReference; lastKnownFileType = sourcecode.swift; path = "Lesson Page.swift"; sourceTree = "<group>"; };
/* End PBXFileReference section */

/* Begin PBXFileSystemSynchronizedRootGroup section */
		769A684E2E38211B008DD725 /* OSA_Academy */ = {
			isa = PBXFileSystemSynchronizedRootGroup;
			path = OSA_Academy;
			sourceTree = "<group>";
		};
		769A685C2E38211F008DD725 /* OSA_AcademyTests */ = {
			isa = PBXFileSystemSynchronizedRootGroup;
			path = OSA_AcademyTests;
			sourceTree = "<group>";
		};
		769A68662E38211F008DD725 /* OSA_AcademyUITests */ = {
			isa = PBXFileSystemSynchronizedRootGroup;
			path = OSA_AcademyUITests;
			sourceTree = "<group>";
		};
/* End PBXFileSystemSynchronizedRootGroup section */

/* Begin PBXFrameworksBuildPhase section */
		769A68492E38211B008DD725 /* Frameworks */ = {
			isa = PBXFrameworksBuildPhase;
			buildActionMask = 2147483647;
			files = (
			);
			runOnlyForDeploymentPostprocessing = 0;
		};
		769A68562E38211F008DD725 /* Frameworks */ = {
			isa = PBXFrameworksBuildPhase;
			buildActionMask = 2147483647;
			files = (
			);
			runOnlyForDeploymentPostprocessing = 0;
		};
		769A68602E38211F008DD725 /* Frameworks */ = {
			isa = PBXFrameworksBuildPhase;
			buildActionMask = 2147483647;
			files = (
			);
			runOnlyForDeploymentPostprocessing = 0;
		};
/* End PBXFrameworksBuildPhase section */

/* Begin PBXGroup section */
		769A68432E38211B008DD725 = {
			isa = PBXGroup;
			children = (
				769A691A2E394BB5008DD725 /* Lesson Page.swift */,
				769A684E2E38211B008DD725 /* OSA_Academy */,
				769A685C2E38211F008DD725 /* OSA_AcademyTests */,
				769A68662E38211F008DD725 /* OSA_AcademyUITests */,
				769A684D2E38211B008DD725 /* Products */,
			);
			sourceTree = "<group>";
		};
		769A684D2E38211B008DD725 /* Products */ = {
			isa = PBXGroup;
			children = (
				769A684C2E38211B008DD725 /* OSA_Academy.app */,
				769A68592E38211F008DD725 /* OSA_AcademyTests.xctest */,
				769A68632E38211F008DD725 /* OSA_AcademyUITests.xctest */,
			);
			name = Products;
			sourceTree = "<group>";
		};
/* End PBXGroup section */

/* Begin PBXNativeTarget section */
		769A684B2E38211B008DD725 /* OSA_Academy */ = {
			isa = PBXNativeTarget;
			buildConfigurationList = 769A686D2E38211F008DD725 /* Build configuration list for PBXNativeTarget "OSA_Academy" */;
			buildPhases = (
				769A68482E38211B008DD725 /* Sources */,
				769A68492E38211B008DD725 /* Frameworks */,
				769A684A2E38211B008DD725 /* Resources */,
			);
			buildRules = (
			);
			dependencies = (
			);
			fileSystemSynchronizedGroups = (
				769A684E2E38211B008DD725 /* OSA_Academy */,
			);
			name = OSA_Academy;
			packageProductDependencies = (
			);
			productName = OSA_Academy;
			productReference = 769A684C2E38211B008DD725 /* OSA_Academy.app */;
			productType = "com.apple.product-type.application";
		};
		769A68582E38211F008DD725 /* OSA_AcademyTests */ = {
			isa = PBXNativeTarget;
			buildConfigurationList = 769A68702E38211F008DD725 /* Build configuration list for PBXNativeTarget "OSA_AcademyTests" */;
			buildPhases = (
				769A68552E38211F008DD725 /* Sources */,
				769A68562E38211F008DD725 /* Frameworks */,
				769A68572E38211F008DD725 /* Resources */,
			);
			buildRules = (
			);
			dependencies = (
				769A685B2E38211F008DD725 /* PBXTargetDependency */,
			);
			fileSystemSynchronizedGroups = (
				769A685C2E38211F008DD725 /* OSA_AcademyTests */,
			);
			name = OSA_AcademyTests;
			packageProductDependencies = (
			);
			productName = OSA_AcademyTests;
			productReference = 769A68592E38211F008DD725 /* OSA_AcademyTests.xctest */;
			productType = "com.apple.product-type.bundle.unit-test";
		};
		769A68622E38211F008DD725 /* OSA_AcademyUITests */ = {
			isa = PBXNativeTarget;
			buildConfigurationList = 769A68732E38211F008DD725 /* Build configuration list for PBXNativeTarget "OSA_AcademyUITests" */;
			buildPhases = (
				769A685F2E38211F008DD725 /* Sources */,
				769A68602E38211F008DD725 /* Frameworks */,
				769A68612E38211F008DD725 /* Resources */,
			);
			buildRules = (
			);
			dependencies = (
				769A68652E38211F008DD725 /* PBXTargetDependency */,
			);
			fileSystemSynchronizedGroups = (
				769A68662E38211F008DD725 /* OSA_AcademyUITests */,
			);
			name = OSA_AcademyUITests;
			packageProductDependencies = (
			);
			productName = OSA_AcademyUITests;
			productReference = 769A68632E38211F008DD725 /* OSA_AcademyUITests.xctest */;
			productType = "com.apple.product-type.bundle.ui-testing";
		};
/* End PBXNativeTarget section */

/* Begin PBXProject section */
		769A68442E38211B008DD725 /* Project object */ = {
			isa = PBXProject;
			attributes = {
				BuildIndependentTargetsInParallel = 1;
				LastSwiftUpdateCheck = 1640;
				LastUpgradeCheck = 1640;
				TargetAttributes = {
					769A684B2E38211B008DD725 = {
						CreatedOnToolsVersion = 16.4;
					};
					769A68582E38211F008DD725 = {
						CreatedOnToolsVersion = 16.4;
						TestTargetID = 769A684B2E38211B008DD725;
					};
					769A68622E38211F008DD725 = {
						CreatedOnToolsVersion = 16.4;
						TestTargetID = 769A684B2E38211B008DD725;
					};
				};
			};
			buildConfigurationList = 769A68472E38211B008DD725 /* Build configuration list for PBXProject "OSA_Academy" */;
			developmentRegion = en;
			hasScannedForEncodings = 0;
			knownRegions = (
				en,
				Base,
			);
			mainGroup = 769A68432E38211B008DD725;
			minimizedProjectReferenceProxies = 1;
			preferredProjectObjectVersion = 77;
			productRefGroup = 769A684D2E38211B008DD725 /* Products */;
			projectDirPath = "";
			projectRoot = "";
			targets = (
				769A684B2E38211B008DD725 /* OSA_Academy */,
				769A68582E38211F008DD725 /* OSA_AcademyTests */,
				769A68622E38211F008DD725 /* OSA_AcademyUITests */,
			);
		};
/* End PBXProject section */

/* Begin PBXResourcesBuildPhase section */
		769A684A2E38211B008DD725 /* Resources */ = {
			isa = PBXResourcesBuildPhase;
			buildActionMask = 2147483647;
			files = (
			);
			runOnlyForDeploymentPostprocessing = 0;
		};
		769A68572E38211F008DD725 /* Resources */ = {
			isa = PBXResourcesBuildPhase;
			buildActionMask = 2147483647;
			files = (
			);
			runOnlyForDeploymentPostprocessing = 0;
		};
		769A68612E38211F008DD725 /* Resources */ = {
			isa = PBXResourcesBuildPhase;
			buildActionMask = 2147483647;
			files = (
			);
			runOnlyForDeploymentPostprocessing = 0;
		};
/* End PBXResourcesBuildPhase section */

/* Begin PBXSourcesBuildPhase section */
		769A68482E38211B008DD725 /* Sources */ = {
			isa = PBXSourcesBuildPhase;
			buildActionMask = 2147483647;
			files = (
				769A691B2E394BB5008DD725 /* Lesson Page.swift in Sources */,
			);
			runOnlyForDeploymentPostprocessing = 0;
		};
		769A68552E38211F008DD725 /* Sources */ = {
			isa = PBXSourcesBuildPhase;
			buildActionMask = 2147483647;
			files = (
			);
			runOnlyForDeploymentPostprocessing = 0;
		};
		769A685F2E38211F008DD725 /* Sources */ = {
			isa = PBXSourcesBuildPhase;
			buildActionMask = 2147483647;
			files = (
			);
			runOnlyForDeploymentPostprocessing = 0;
		};
/* End PBXSourcesBuildPhase section */

/* Begin PBXTargetDependency section */
		769A685B2E38211F008DD725 /* PBXTargetDependency */ = {
			isa = PBXTargetDependency;
			target = 769A684B2E38211B008DD725 /* OSA_Academy */;
			targetProxy = 769A685A2E38211F008DD725 /* PBXContainerItemProxy */;
		};
		769A68652E38211F008DD725 /* PBXTargetDependency */ = {
			isa = PBXTargetDependency;
			target = 769A684B2E38211B008DD725 /* OSA_Academy */;
			targetProxy = 769A68642E38211F008DD725 /* PBXContainerItemProxy */;
		};
/* End PBXTargetDependency section */

/* Begin XCBuildConfiguration section */
		769A686B2E38211F008DD725 /* Debug */ = {
			isa = XCBuildConfiguration;
			buildSettings = {
				ALWAYS_SEARCH_USER_PATHS = NO;
				ASSETCATALOG_COMPILER_GENERATE_SWIFT_ASSET_SYMBOL_EXTENSIONS = YES;
				CLANG_ANALYZER_NONNULL = YES;
				CLANG_ANALYZER_NUMBER_OBJECT_CONVERSION = YES_AGGRESSIVE;
				CLANG_CXX_LANGUAGE_STANDARD = "gnu++20";
				CLANG_ENABLE_MODULES = YES;
				CLANG_ENABLE_OBJC_ARC = YES;
				CLANG_ENABLE_OBJC_WEAK = YES;
				CLANG_WARN_BLOCK_CAPTURE_AUTORELEASING = YES;
				CLANG_WARN_BOOL_CONVERSION = YES;
				CLANG_WARN_COMMA = YES;
				CLANG_WARN_CONSTANT_CONVERSION = YES;
				CLANG_WARN_DEPRECATED_OBJC_IMPLEMENTATIONS = YES;
				CLANG_WARN_DIRECT_OBJC_ISA_USAGE = YES_ERROR;
				CLANG_WARN_DOCUMENTATION_COMMENTS = YES;
				CLANG_WARN_EMPTY_BODY = YES;
				CLANG_WARN_ENUM_CONVERSION = YES;
				CLANG_WARN_INFINITE_RECURSION = YES;
				CLANG_WARN_INT_CONVERSION = YES;
				CLANG_WARN_NON_LITERAL_NULL_CONVERSION = YES;
				CLANG_WARN_OBJC_IMPLICIT_RETAIN_SELF = YES;
				CLANG_WARN_OBJC_LITERAL_CONVERSION = YES;
				CLANG_WARN_OBJC_ROOT_CLASS = YES_ERROR;
				CLANG_WARN_QUOTED_INCLUDE_IN_FRAMEWORK_HEADER = YES;
				CLANG_WARN_RANGE_LOOP_ANALYSIS = YES;
				CLANG_WARN_STRICT_PROTOTYPES = YES;
				CLANG_WARN_SUSPICIOUS_MOVE = YES;
				CLANG_WARN_UNGUARDED_AVAILABILITY = YES_AGGRESSIVE;
				CLANG_WARN_UNREACHABLE_CODE = YES;
				CLANG_WARN__DUPLICATE_METHOD_MATCH = YES;
				COPY_PHASE_STRIP = NO;
				DEBUG_INFORMATION_FORMAT = dwarf;
				ENABLE_STRICT_OBJC_MSGSEND = YES;
				ENABLE_TESTABILITY = YES;
				ENABLE_USER_SCRIPT_SANDBOXING = YES;
				GCC_C_LANGUAGE_STANDARD = gnu17;
				GCC_DYNAMIC_NO_PIC = NO;
				GCC_NO_COMMON_BLOCKS = YES;
				GCC_OPTIMIZATION_LEVEL = 0;
				GCC_PREPROCESSOR_DEFINITIONS = (
					"DEBUG=1",
					"$(inherited)",
				);
				GCC_WARN_64_TO_32_BIT_CONVERSION = YES;
				GCC_WARN_ABOUT_RETURN_TYPE = YES_ERROR;
				GCC_WARN_UNDECLARED_SELECTOR = YES;
				GCC_WARN_UNINITIALIZED_AUTOS = YES_AGGRESSIVE;
				GCC_WARN_UNUSED_FUNCTION = YES;
				GCC_WARN_UNUSED_VARIABLE = YES;
				IPHONEOS_DEPLOYMENT_TARGET = 18.5;
				LOCALIZATION_PREFERS_STRING_CATALOGS = YES;
				MTL_ENABLE_DEBUG_INFO = INCLUDE_SOURCE;
				MTL_FAST_MATH = YES;
				ONLY_ACTIVE_ARCH = YES;
				SDKROOT = iphoneos;
				SWIFT_ACTIVE_COMPILATION_CONDITIONS = "DEBUG $(inherited)";
				SWIFT_OPTIMIZATION_LEVEL = "-Onone";
			};
			name = Debug;
		};
		769A686C2E38211F008DD725 /* Release */ = {
			isa = XCBuildConfiguration;
			buildSettings = {
				ALWAYS_SEARCH_USER_PATHS = NO;
				ASSETCATALOG_COMPILER_GENERATE_SWIFT_ASSET_SYMBOL_EXTENSIONS = YES;
				CLANG_ANALYZER_NONNULL = YES;
				CLANG_ANALYZER_NUMBER_OBJECT_CONVERSION = YES_AGGRESSIVE;
				CLANG_CXX_LANGUAGE_STANDARD = "gnu++20";
				CLANG_ENABLE_MODULES = YES;
				CLANG_ENABLE_OBJC_ARC = YES;
				CLANG_ENABLE_OBJC_WEAK = YES;
				CLANG_WARN_BLOCK_CAPTURE_AUTORELEASING = YES;
				CLANG_WARN_BOOL_CONVERSION = YES;
				CLANG_WARN_COMMA = YES;
				CLANG_WARN_CONSTANT_CONVERSION = YES;
				CLANG_WARN_DEPRECATED_OBJC_IMPLEMENTATIONS = YES;
				CLANG_WARN_DIRECT_OBJC_ISA_USAGE = YES_ERROR;
				CLANG_WARN_DOCUMENTATION_COMMENTS = YES;
				CLANG_WARN_EMPTY_BODY = YES;
				CLANG_WARN_ENUM_CONVERSION = YES;
				CLANG_WARN_INFINITE_RECURSION = YES;
				CLANG_WARN_INT_CONVERSION = YES;
				CLANG_WARN_NON_LITERAL_NULL_CONVERSION = YES;
				CLANG_WARN_OBJC_IMPLICIT_RETAIN_SELF = YES;
				CLANG_WARN_OBJC_LITERAL_CONVERSION = YES;
				CLANG_WARN_OBJC_ROOT_CLASS = YES_ERROR;
				CLANG_WARN_QUOTED_INCLUDE_IN_FRAMEWORK_HEADER = YES;
				CLANG_WARN_RANGE_LOOP_ANALYSIS = YES;
				CLANG_WARN_STRICT_PROTOTYPES = YES;
				CLANG_WARN_SUSPICIOUS_MOVE = YES;
				CLANG_WARN_UNGUARDED_AVAILABILITY = YES_AGGRESSIVE;
				CLANG_WARN_UNREACHABLE_CODE = YES;
				CLANG_WARN__DUPLICATE_METHOD_MATCH = YES;
				COPY_PHASE_STRIP = NO;
				DEBUG_INFORMATION_FORMAT = "dwarf-with-dsym";
				ENABLE_NS_ASSERTIONS = NO;
				ENABLE_STRICT_OBJC_MSGSEND = YES;
				ENABLE_USER_SCRIPT_SANDBOXING = YES;
				GCC_C_LANGUAGE_STANDARD = gnu17;
				GCC_NO_COMMON_BLOCKS = YES;
				GCC_WARN_64_TO_32_BIT_CONVERSION = YES;
				GCC_WARN_ABOUT_RETURN_TYPE = YES_ERROR;
				GCC_WARN_UNDECLARED_SELECTOR = YES;
				GCC_WARN_UNINITIALIZED_AUTOS = YES_AGGRESSIVE;
				GCC_WARN_UNUSED_FUNCTION = YES;
				GCC_WARN_UNUSED_VARIABLE = YES;
				IPHONEOS_DEPLOYMENT_TARGET = 18.5;
				LOCALIZATION_PREFERS_STRING_CATALOGS = YES;
				MTL_ENABLE_DEBUG_INFO = NO;
				MTL_FAST_MATH = YES;
				SDKROOT = iphoneos;
				SWIFT_COMPILATION_MODE = wholemodule;
				VALIDATE_PRODUCT = YES;
			};
			name = Release;
		};
		769A686E2E38211F008DD725 /* Debug */ = {
			isa = XCBuildConfiguration;
			buildSettings = {
				ASSETCATALOG_COMPILER_APPICON_NAME = AppIcon;
				ASSETCATALOG_COMPILER_GLOBAL_ACCENT_COLOR_NAME = AccentColor;
				CODE_SIGN_STYLE = Automatic;
				CURRENT_PROJECT_VERSION = 1;
				ENABLE_PREVIEWS = YES;
				GENERATE_INFOPLIST_FILE = YES;
				INFOPLIST_KEY_UIApplicationSceneManifest_Generation = YES;
				INFOPLIST_KEY_UIApplicationSupportsIndirectInputEvents = YES;
				INFOPLIST_KEY_UILaunchScreen_Generation = YES;
				INFOPLIST_KEY_UISupportedInterfaceOrientations_iPad = "UIInterfaceOrientationPortrait UIInterfaceOrientationPortraitUpsideDown UIInterfaceOrientationLandscapeLeft UIInterfaceOrientationLandscapeRight";
				INFOPLIST_KEY_UISupportedInterfaceOrientations_iPhone = "UIInterfaceOrientationPortrait UIInterfaceOrientationLandscapeLeft UIInterfaceOrientationLandscapeRight";
				LD_RUNPATH_SEARCH_PATHS = (
					"$(inherited)",
					"@executable_path/Frameworks",
				);
				MARKETING_VERSION = 1.0;
				PRODUCT_BUNDLE_IDENTIFIER = "kwk.OSA-Academy";
				PRODUCT_NAME = "$(TARGET_NAME)";
				SWIFT_EMIT_LOC_STRINGS = YES;
				SWIFT_VERSION = 5.0;
				TARGETED_DEVICE_FAMILY = "1,2";
			};
			name = Debug;
		};
		769A686F2E38211F008DD725 /* Release */ = {
			isa = XCBuildConfiguration;
			buildSettings = {
				ASSETCATALOG_COMPILER_APPICON_NAME = AppIcon;
				ASSETCATALOG_COMPILER_GLOBAL_ACCENT_COLOR_NAME = AccentColor;
				CODE_SIGN_STYLE = Automatic;
				CURRENT_PROJECT_VERSION = 1;
				ENABLE_PREVIEWS = YES;
				GENERATE_INFOPLIST_FILE = YES;
				INFOPLIST_KEY_UIApplicationSceneManifest_Generation = YES;
				INFOPLIST_KEY_UIApplicationSupportsIndirectInputEvents = YES;
				INFOPLIST_KEY_UILaunchScreen_Generation = YES;
				INFOPLIST_KEY_UISupportedInterfaceOrientations_iPad = "UIInterfaceOrientationPortrait UIInterfaceOrientationPortraitUpsideDown UIInterfaceOrientationLandscapeLeft UIInterfaceOrientationLandscapeRight";
				INFOPLIST_KEY_UISupportedInterfaceOrientations_iPhone = "UIInterfaceOrientationPortrait UIInterfaceOrientationLandscapeLeft UIInterfaceOrientationLandscapeRight";
				LD_RUNPATH_SEARCH_PATHS = (
					"$(inherited)",
					"@executable_path/Frameworks",
				);
				MARKETING_VERSION = 1.0;
				PRODUCT_BUNDLE_IDENTIFIER = "kwk.OSA-Academy";
				PRODUCT_NAME = "$(TARGET_NAME)";
				SWIFT_EMIT_LOC_STRINGS = YES;
				SWIFT_VERSION = 5.0;
				TARGETED_DEVICE_FAMILY = "1,2";
			};
			name = Release;
		};
		769A68712E38211F008DD725 /* Debug */ = {
			isa = XCBuildConfiguration;
			buildSettings = {
				BUNDLE_LOADER = "$(TEST_HOST)";
				CODE_SIGN_STYLE = Automatic;
				CURRENT_PROJECT_VERSION = 1;
				GENERATE_INFOPLIST_FILE = YES;
				IPHONEOS_DEPLOYMENT_TARGET = 18.5;
				MARKETING_VERSION = 1.0;
				PRODUCT_BUNDLE_IDENTIFIER = "kwk.OSA-AcademyTests";
				PRODUCT_NAME = "$(TARGET_NAME)";
				SWIFT_EMIT_LOC_STRINGS = NO;
				SWIFT_VERSION = 5.0;
				TARGETED_DEVICE_FAMILY = "1,2";
				TEST_HOST = "$(BUILT_PRODUCTS_DIR)/OSA_Academy.app/$(BUNDLE_EXECUTABLE_FOLDER_PATH)/OSA_Academy";
			};
			name = Debug;
		};
		769A68722E38211F008DD725 /* Release */ = {
			isa = XCBuildConfiguration;
			buildSettings = {
				BUNDLE_LOADER = "$(TEST_HOST)";
				CODE_SIGN_STYLE = Automatic;
				CURRENT_PROJECT_VERSION = 1;
				GENERATE_INFOPLIST_FILE = YES;
				IPHONEOS_DEPLOYMENT_TARGET = 18.5;
				MARKETING_VERSION = 1.0;
				PRODUCT_BUNDLE_IDENTIFIER = "kwk.OSA-AcademyTests";
				PRODUCT_NAME = "$(TARGET_NAME)";
				SWIFT_EMIT_LOC_STRINGS = NO;
				SWIFT_VERSION = 5.0;
				TARGETED_DEVICE_FAMILY = "1,2";
				TEST_HOST = "$(BUILT_PRODUCTS_DIR)/OSA_Academy.app/$(BUNDLE_EXECUTABLE_FOLDER_PATH)/OSA_Academy";
			};
			name = Release;
		};
		769A68742E38211F008DD725 /* Debug */ = {
			isa = XCBuildConfiguration;
			buildSettings = {
				CODE_SIGN_STYLE = Automatic;
				CURRENT_PROJECT_VERSION = 1;
				GENERATE_INFOPLIST_FILE = YES;
				MARKETING_VERSION = 1.0;
				PRODUCT_BUNDLE_IDENTIFIER = "kwk.OSA-AcademyUITests";
				PRODUCT_NAME = "$(TARGET_NAME)";
				SWIFT_EMIT_LOC_STRINGS = NO;
				SWIFT_VERSION = 5.0;
				TARGETED_DEVICE_FAMILY = "1,2";
				TEST_TARGET_NAME = OSA_Academy;
			};
			name = Debug;
		};
		769A68752E38211F008DD725 /* Release */ = {
			isa = XCBuildConfiguration;
			buildSettings = {
				CODE_SIGN_STYLE = Automatic;
				CURRENT_PROJECT_VERSION = 1;
				GENERATE_INFOPLIST_FILE = YES;
				MARKETING_VERSION = 1.0;
				PRODUCT_BUNDLE_IDENTIFIER = "kwk.OSA-AcademyUITests";
				PRODUCT_NAME = "$(TARGET_NAME)";
				SWIFT_EMIT_LOC_STRINGS = NO;
				SWIFT_VERSION = 5.0;
				TARGETED_DEVICE_FAMILY = "1,2";
				TEST_TARGET_NAME = OSA_Academy;
			};
			name = Release;
		};
/* End XCBuildConfiguration section */

/* Begin XCConfigurationList section */
		769A68472E38211B008DD725 /* Build configuration list for PBXProject "OSA_Academy" */ = {
			isa = XCConfigurationList;
			buildConfigurations = (
				769A686B2E38211F008DD725 /* Debug */,
				769A686C2E38211F008DD725 /* Release */,
			);
			defaultConfigurationIsVisible = 0;
			defaultConfigurationName = Release;
		};
		769A686D2E38211F008DD725 /* Build configuration list for PBXNativeTarget "OSA_Academy" */ = {
			isa = XCConfigurationList;
			buildConfigurations = (
				769A686E2E38211F008DD725 /* Debug */,
				769A686F2E38211F008DD725 /* Release */,
			);
			defaultConfigurationIsVisible = 0;
			defaultConfigurationName = Release;
		};
		769A68702E38211F008DD725 /* Build configuration list for PBXNativeTarget "OSA_AcademyTests" */ = {
			isa = XCConfigurationList;
			buildConfigurations = (
				769A68712E38211F008DD725 /* Debug */,
				769A68722E38211F008DD725 /* Release */,
			);
			defaultConfigurationIsVisible = 0;
			defaultConfigurationName = Release;
		};
		769A68732E38211F008DD725 /* Build configuration list for PBXNativeTarget "OSA_AcademyUITests" */ = {
			isa = XCConfigurationList;
			buildConfigurations = (
				769A68742E38211F008DD725 /* Debug */,
				769A68752E38211F008DD725 /* Release */,
			);
			defaultConfigurationIsVisible = 0;
			defaultConfigurationName = Release;
		};
/* End XCConfigurationList section */
	};
	rootObject = 769A68442E38211B008DD725 /* Project object */;
}
